<Solution>
  <Project Path="AdbCore.Tests/AdbCore.Tests.csproj" />
  <Project Path="AdbCore/AdbCore.csproj" />
  <Project Path="BotBuilder.Core.Tests/BotBuilder.Core.Tests.csproj" />
  <Project Path="BotBuilder.Core/BotBuilder.Core.csproj" />
  <Project Path="BotRunner.Tests/BotRunner.Tests.csproj" />
  <Project Path="BotRunner/BotRunner.csproj" />
</Solution>
