
Microsoft Visual Studio Solution File, Format Version 12.00
# Visual Studio Version 17
VisualStudioVersion = 17.0.31903.59
MinimumVisualStudioVersion = 10.0.40219.1
Project("{FAE04EC0-301F-11D3-BF4B-00C04F79EFBC}") = "AdbCore", "AdbCore\AdbCore.csproj", "{DA72B3E2-FE62-4845-91AE-40C74722CABD}"
EndProject
Project("{FAE04EC0-301F-11D3-BF4B-00C04F79EFBC}") = "AdbCore.Tests", "AdbCore.Tests\AdbCore.Tests.csproj", "{1A47CD61-222F-4D00-9776-234BF08A57E3}"
EndProject
Global
	GlobalSection(SolutionConfigurationPlatforms) = preSolution
		Debug|Any CPU = Debug|Any CPU
		Debug|x64 = Debug|x64
		Debug|x86 = Debug|x86
		Release|Any CPU = Release|Any CPU
		Release|x64 = Release|x64
		Release|x86 = Release|x86
	EndGlobalSection
	GlobalSection(ProjectConfigurationPlatforms) = postSolution
		{DA72B3E2-FE62-4845-91AE-40C74722CABD}.Debug|Any CPU.ActiveCfg = Debug|Any CPU
		{DA72B3E2-FE62-4845-91AE-40C74722CABD}.Debug|Any CPU.Build.0 = Debug|Any CPU
		{DA72B3E2-FE62-4845-91AE-40C74722CABD}.Debug|x64.ActiveCfg = Debug|Any CPU
		{DA72B3E2-FE62-4845-91AE-40C74722CABD}.Debug|x64.Build.0 = Debug|Any CPU
		{DA72B3E2-FE62-4845-91AE-40C74722CABD}.Debug|x86.ActiveCfg = Debug|Any CPU
		{DA72B3E2-FE62-4845-91AE-40C74722CABD}.Debug|x86.Build.0 = Debug|Any CPU
		{DA72B3E2-FE62-4845-91AE-40C74722CABD}.Release|Any CPU.ActiveCfg = Release|Any CPU
		{DA72B3E2-FE62-4845-91AE-40C74722CABD}.Release|Any CPU.Build.0 = Release|Any CPU
		{DA72B3E2-FE62-4845-91AE-40C74722CABD}.Release|x64.ActiveCfg = Release|Any CPU
		{DA72B3E2-FE62-4845-91AE-40C74722CABD}.Release|x64.Build.0 = Release|Any CPU
		{DA72B3E2-FE62-4845-91AE-40C74722CABD}.Release|x86.ActiveCfg = Release|Any CPU
		{DA72B3E2-FE62-4845-91AE-40C74722CABD}.Release|x86.Build.0 = Release|Any CPU
		{1A47CD61-222F-4D00-9776-234BF08A57E3}.Debug|Any CPU.ActiveCfg = Debug|Any CPU
		{1A47CD61-222F-4D00-9776-234BF08A57E3}.Debug|Any CPU.Build.0 = Debug|Any CPU
		{1A47CD61-222F-4D00-9776-234BF08A57E3}.Debug|x64.ActiveCfg = Debug|Any CPU
		{1A47CD61-222F-4D00-9776-234BF08A57E3}.Debug|x64.Build.0 = Debug|Any CPU
		{1A47CD61-222F-4D00-9776-234BF08A57E3}.Debug|x86.ActiveCfg = Debug|Any CPU
		{1A47CD61-222F-4D00-9776-234BF08A57E3}.Debug|x86.Build.0 = Debug|Any CPU
		{1A47CD61-222F-4D00-9776-234BF08A57E3}.Release|Any CPU.ActiveCfg = Release|Any CPU
		{1A47CD61-222F-4D00-9776-234BF08A57E3}.Release|Any CPU.Build.0 = Release|Any CPU
		{1A47CD61-222F-4D00-9776-234BF08A57E3}.Release|x64.ActiveCfg = Release|Any CPU
		{1A47CD61-222F-4D00-9776-234BF08A57E3}.Release|x64.Build.0 = Release|Any CPU
		{1A47CD61-222F-4D00-9776-234BF08A57E3}.Release|x86.ActiveCfg = Release|Any CPU
		{1A47CD61-222F-4D00-9776-234BF08A57E3}.Release|x86.Build.0 = Release|Any CPU
	EndGlobalSection
	GlobalSection(SolutionProperties) = preSolution
		HideSolutionNode = FALSE
	EndGlobalSection
EndGlobal
